{
  "name": "my-custom-package-published",
  "version": "1.0.0",
  "lockfileVersion": 2,
  "requires": true,
  "packages": {
    "": {
      "name": "my-custom-package-published",
      "version": "1.0.0",
      "license": "ISC",
      "dependencies": {
        "greeting-by-ja": "^1.0.0"
      }
    },
    "node_modules/greeting-by-ja": {
      "version": "1.0.0",
      "resolved": "https://registry.npmjs.org/greeting-by-ja/-/greeting-by-ja-1.0.0.tgz",
      "integrity": "sha512-C09vq4qGUzKsb4c79TFDOmbe+P/J1Si0Pmvas0a9nQuJ88b43rrmPnzN4R91XUOlsss8Va/e2qoBy6MR3SD6KA==",
      "dependencies": {
        "upper-case": "^2.0.2"
      }
    },
    "node_modules/tslib": {
      "version": "2.6.1",
      "resolved": "https://registry.npmjs.org/tslib/-/tslib-2.6.1.tgz",
      "integrity": "sha512-t0hLfiEKfMUoqhG+U1oid7Pva4bbDPHYfJNiB7BiIjRkj1pyC++4N3huJfqY6aRH6VTB0rvtzQwjM4K6qpfOig=="
    },
    "node_modules/upper-case": {
      "version": "2.0.2",
      "resolved": "https://registry.npmjs.org/upper-case/-/upper-case-2.0.2.tgz",
      "integrity": "sha512-KgdgDGJt2TpuwBUIjgG6lzw2GWFRCW9Qkfkiv0DxqHHLYJHmtmdUIKcZd8rHgFSjopVTlw6ggzCm1b8MFQwikg==",
      "dependencies": {
        "tslib": "^2.0.3"
      }
    }
  },
  "dependencies": {
    "greeting-by-ja": {
      "version": "1.0.0",
      "resolved": "https://registry.npmjs.org/greeting-by-ja/-/greeting-by-ja-1.0.0.tgz",
      "integrity": "sha512-C09vq4qGUzKsb4c79TFDOmbe+P/J1Si0Pmvas0a9nQuJ88b43rrmPnzN4R91XUOlsss8Va/e2qoBy6MR3SD6KA==",
      "requires": {
        "upper-case": "^2.0.2"
      }
    },
    "tslib": {
      "version": "2.6.1",
      "resolved": "https://registry.npmjs.org/tslib/-/tslib-2.6.1.tgz",
      "integrity": "sha512-t0hLfiEKfMUoqhG+U1oid7Pva4bbDPHYfJNiB7BiIjRkj1pyC++4N3huJfqY6aRH6VTB0rvtzQwjM4K6qpfOig=="
    },
    "upper-case": {
      "version": "2.0.2",
      "resolved": "https://registry.npmjs.org/upper-case/-/upper-case-2.0.2.tgz",
      "integrity": "sha512-KgdgDGJt2TpuwBUIjgG6lzw2GWFRCW9Qkfkiv0DxqHHLYJHmtmdUIKcZd8rHgFSjopVTlw6ggzCm1b8MFQwikg==",
      "requires": {
        "tslib": "^2.0.3"
      }
    }
  }
}
