{
  "name": "go-rest-published-test",
  "lockfileVersion": 2,
  "requires": true,
  "packages": {
    "": {
      "dependencies": {
        "@j.adilovic/go-rest": "^1.0.0"
      }
    },
    "node_modules/@j.adilovic/go-rest": {
      "version": "1.0.0",
      "resolved": "https://registry.npmjs.org/@j.adilovic/go-rest/-/go-rest-1.0.0.tgz",
      "integrity": "sha512-jdNZik5FRftRCXU7Tg2ps1XfOeYNn/GNUfZPNLLX+IA8T6I6kv+J/BrqZnd0qLgAjIugHfIcJc9Vzwpo+1djJw=="
    }
  },
  "dependencies": {
    "@j.adilovic/go-rest": {
      "version": "1.0.0",
      "resolved": "https://registry.npmjs.org/@j.adilovic/go-rest/-/go-rest-1.0.0.tgz",
      "integrity": "sha512-jdNZik5FRftRCXU7Tg2ps1XfOeYNn/GNUfZPNLLX+IA8T6I6kv+J/BrqZnd0qLgAjIugHfIcJc9Vzwpo+1djJw=="
    }
  }
}
