{
  "name": "go-rest-published-test",
  "lockfileVersion": 2,
  "requires": true,
  "packages": {
    "": {
      "dependencies": {
        "@j.adilovic/go-rest": "^1.1.1"
      }
    },
    "node_modules/@j.adilovic/go-rest": {
      "version": "1.1.1",
      "resolved": "https://registry.npmjs.org/@j.adilovic/go-rest/-/go-rest-1.1.1.tgz",
      "integrity": "sha512-tcptIP0YuvK0V0eOyor4j0ynIWbft1yNP92K/imqEeZ/AiJWxh7citHD47vojw3Y2rz0uI0j4+BVzXmKZ1MjDQ=="
    }
  },
  "dependencies": {
    "@j.adilovic/go-rest": {
      "version": "1.1.1",
      "resolved": "https://registry.npmjs.org/@j.adilovic/go-rest/-/go-rest-1.1.1.tgz",
      "integrity": "sha512-tcptIP0YuvK0V0eOyor4j0ynIWbft1yNP92K/imqEeZ/AiJWxh7citHD47vojw3Y2rz0uI0j4+BVzXmKZ1MjDQ=="
    }
  }
}
